
Microsoft Visual Studio Solution File, Format Version 12.00
# Visual Studio Version 17
VisualStudioVersion = 17.0.31912.275
MinimumVisualStudioVersion = 10.0.40219.1
Project("{9A19103F-16F7-4668-BE54-9A1E7A4F7556}") = "WeatherStation.Functions", "WeatherStation.Functions\WeatherStation.Functions.csproj", "{C166D45D-9900-4DFD-8CDE-F5064A10AF6D}"
EndProject
Project("{9A19103F-16F7-4668-BE54-9A1E7A4F7556}") = "WeatherStation.API", "WeatherStation.API\WeatherStation.API.csproj", "{8177C723-ADD5-49ED-B383-003076845432}"
EndProject
Project("{9A19103F-16F7-4668-BE54-9A1E7A4F7556}") = "WeatherStation.Model", "WeatherStation.Model\WeatherStation.Model.csproj", "{4CF1E368-C4AD-4D59-8822-E7AAC701E39A}"
EndProject
Project("{9A19103F-16F7-4668-BE54-9A1E7A4F7556}") = "WeatherStation.Core", "WeatherStation.Core\WeatherStation.Core.csproj", "{56FE30DF-03CE-4E00-8DC8-2A0EB8308A99}"
EndProject
Project("{FAE04EC0-301F-11D3-BF4B-00C04F79EFBC}") = "WeatherStation.Infra", "WeatherStation.Infra\WeatherStation.Infra.csproj", "{A6AA2BD6-4968-4125-83C4-D52C8C7A9158}"
EndProject
Global
	GlobalSection(SolutionConfigurationPlatforms) = preSolution
		Debug|Any CPU = Debug|Any CPU
		Release|Any CPU = Release|Any CPU
	EndGlobalSection
	GlobalSection(ProjectConfigurationPlatforms) = postSolution
		{C166D45D-9900-4DFD-8CDE-F5064A10AF6D}.Debug|Any CPU.ActiveCfg = Debug|Any CPU
		{C166D45D-9900-4DFD-8CDE-F5064A10AF6D}.Debug|Any CPU.Build.0 = Debug|Any CPU
		{C166D45D-9900-4DFD-8CDE-F5064A10AF6D}.Release|Any CPU.ActiveCfg = Release|Any CPU
		{C166D45D-9900-4DFD-8CDE-F5064A10AF6D}.Release|Any CPU.Build.0 = Release|Any CPU
		{8177C723-ADD5-49ED-B383-003076845432}.Debug|Any CPU.ActiveCfg = Debug|Any CPU
		{8177C723-ADD5-49ED-B383-003076845432}.Debug|Any CPU.Build.0 = Debug|Any CPU
		{8177C723-ADD5-49ED-B383-003076845432}.Release|Any CPU.ActiveCfg = Release|Any CPU
		{8177C723-ADD5-49ED-B383-003076845432}.Release|Any CPU.Build.0 = Release|Any CPU
		{4CF1E368-C4AD-4D59-8822-E7AAC701E39A}.Debug|Any CPU.ActiveCfg = Debug|Any CPU
		{4CF1E368-C4AD-4D59-8822-E7AAC701E39A}.Debug|Any CPU.Build.0 = Debug|Any CPU
		{4CF1E368-C4AD-4D59-8822-E7AAC701E39A}.Release|Any CPU.ActiveCfg = Release|Any CPU
		{4CF1E368-C4AD-4D59-8822-E7AAC701E39A}.Release|Any CPU.Build.0 = Release|Any CPU
		{56FE30DF-03CE-4E00-8DC8-2A0EB8308A99}.Debug|Any CPU.ActiveCfg = Debug|Any CPU
		{56FE30DF-03CE-4E00-8DC8-2A0EB8308A99}.Debug|Any CPU.Build.0 = Debug|Any CPU
		{56FE30DF-03CE-4E00-8DC8-2A0EB8308A99}.Release|Any CPU.ActiveCfg = Release|Any CPU
		{56FE30DF-03CE-4E00-8DC8-2A0EB8308A99}.Release|Any CPU.Build.0 = Release|Any CPU
		{A6AA2BD6-4968-4125-83C4-D52C8C7A9158}.Debug|Any CPU.ActiveCfg = Debug|Any CPU
		{A6AA2BD6-4968-4125-83C4-D52C8C7A9158}.Debug|Any CPU.Build.0 = Debug|Any CPU
		{A6AA2BD6-4968-4125-83C4-D52C8C7A9158}.Release|Any CPU.ActiveCfg = Release|Any CPU
		{A6AA2BD6-4968-4125-83C4-D52C8C7A9158}.Release|Any CPU.Build.0 = Release|Any CPU
	EndGlobalSection
	GlobalSection(SolutionProperties) = preSolution
		HideSolutionNode = FALSE
	EndGlobalSection
	GlobalSection(ExtensibilityGlobals) = postSolution
		SolutionGuid = {DFC04D13-50DC-4C59-AA2D-19CA313613EB}
	EndGlobalSection
EndGlobal
